
Microsoft Visual Studio Solution File, Format Version 12.00
# Visual Studio Version 17
VisualStudioVersion = 17.14.36518.9 d17.14
MinimumVisualStudioVersion = 10.0.40219.1
Project("{FAE04EC0-301F-11D3-BF4B-00C04F79EFBC}") = "Hotel_management_system", "Hotel_management_system.csproj", "{5926C4E5-4A5D-3FD0-4A2E-2F089DA633AD}"
EndProject
Global
	GlobalSection(SolutionConfigurationPlatforms) = preSolution
		Debug|Any CPU = Debug|Any CPU
		Release|Any CPU = Release|Any CPU
	EndGlobalSection
	GlobalSection(ProjectConfigurationPlatforms) = postSolution
		{5926C4E5-4A5D-3FD0-4A2E-2F089DA633AD}.Debug|Any CPU.ActiveCfg = Debug|Any CPU
		{5926C4E5-4A5D-3FD0-4A2E-2F089DA633AD}.Debug|Any CPU.Build.0 = Debug|Any CPU
		{5926C4E5-4A5D-3FD0-4A2E-2F089DA633AD}.Release|Any CPU.ActiveCfg = Release|Any CPU
		{5926C4E5-4A5D-3FD0-4A2E-2F089DA633AD}.Release|Any CPU.Build.0 = Release|Any CPU
	EndGlobalSection
	GlobalSection(SolutionProperties) = preSolution
		HideSolutionNode = FALSE
	EndGlobalSection
	GlobalSection(ExtensibilityGlobals) = postSolution
		SolutionGuid = {10F4F835-F44F-4838-998D-CDFBB485A970}
	EndGlobalSection
EndGlobal
